
Microsoft Visual Studio Solution File, Format Version 12.00
# Visual Studio Version 17
VisualStudioVersion = 17.7.34031.279
MinimumVisualStudioVersion = 10.0.40219.1
Project("{FAE04EC0-301F-11D3-BF4B-00C04F79EFBC}") = "Task_19", "Task_19\Task_19.csproj", "{93A5C9CB-296D-454E-8F0A-B518FDFA5039}"
EndProject
Project("{FAE04EC0-301F-11D3-BF4B-00C04F79EFBC}") = "DataProcessing", "DataProcessing\DataProcessing.csproj", "{34D8EDCA-E817-4189-8F89-811F0A258859}"
EndProject
Global
	GlobalSection(SolutionConfigurationPlatforms) = preSolution
		Debug|Any CPU = Debug|Any CPU
		Release|Any CPU = Release|Any CPU
	EndGlobalSection
	GlobalSection(ProjectConfigurationPlatforms) = postSolution
		{93A5C9CB-296D-454E-8F0A-B518FDFA5039}.Debug|Any CPU.ActiveCfg = Debug|Any CPU
		{93A5C9CB-296D-454E-8F0A-B518FDFA5039}.Debug|Any CPU.Build.0 = Debug|Any CPU
		{93A5C9CB-296D-454E-8F0A-B518FDFA5039}.Release|Any CPU.ActiveCfg = Release|Any CPU
		{93A5C9CB-296D-454E-8F0A-B518FDFA5039}.Release|Any CPU.Build.0 = Release|Any CPU
		{34D8EDCA-E817-4189-8F89-811F0A258859}.Debug|Any CPU.ActiveCfg = Debug|Any CPU
		{34D8EDCA-E817-4189-8F89-811F0A258859}.Debug|Any CPU.Build.0 = Debug|Any CPU
		{34D8EDCA-E817-4189-8F89-811F0A258859}.Release|Any CPU.ActiveCfg = Release|Any CPU
		{34D8EDCA-E817-4189-8F89-811F0A258859}.Release|Any CPU.Build.0 = Release|Any CPU
	EndGlobalSection
	GlobalSection(SolutionProperties) = preSolution
		HideSolutionNode = FALSE
	EndGlobalSection
	GlobalSection(ExtensibilityGlobals) = postSolution
		SolutionGuid = {6F841F9F-971E-4CFC-B9E2-2EF9CD2148D0}
	EndGlobalSection
EndGlobal
